// !$*UTF8*$!
{
	archiveVersion = 1;
	classes = {
	};
	objectVersion = 50;
	objects = {

/* Begin PBXBuildFile section */
		656478312482125D00FB843E /* AppDelegate.swift in Sources */ = {isa = PBXBuildFile; fileRef = 656478302482125D00FB843E /* AppDelegate.swift */; };
		656478332482125D00FB843E /* SceneDelegate.swift in Sources */ = {isa = PBXBuildFile; fileRef = 656478322482125D00FB843E /* SceneDelegate.swift */; };
		656478352482125D00FB843E /* ViewController.swift in Sources */ = {isa = PBXBuildFile; fileRef = 656478342482125D00FB843E /* ViewController.swift */; };
		656478382482125D00FB843E /* Main.storyboard in Resources */ = {isa = PBXBuildFile; fileRef = 656478362482125D00FB843E /* Main.storyboard */; };
		6564783A2482126000FB843E /* Assets.xcassets in Resources */ = {isa = PBXBuildFile; fileRef = 656478392482126000FB843E /* Assets.xcassets */; };
		6564783D2482126000FB843E /* LaunchScreen.storyboard in Resources */ = {isa = PBXBuildFile; fileRef = 6564783B2482126000FB843E /* LaunchScreen.storyboard */; };
		656478482482126000FB843E /* SwiftProjectsTests.swift in Sources */ = {isa = PBXBuildFile; fileRef = 656478472482126000FB843E /* SwiftProjectsTests.swift */; };
		8AF0D61459A31DB97BC756D7 /* Pods_SwiftProjects.framework in Frameworks */ = {isa = PBXBuildFile; fileRef = 6EAC8D2F90999CA98BB70C5C /* Pods_SwiftProjects.framework */; };
		BC1CAA489260AA1B954E13DF /* Pods_SwiftProjectsTests.framework in Frameworks */ = {isa = PBXBuildFile; fileRef = A4E631632E88AA978C22B543 /* Pods_SwiftProjectsTests.framework */; };
/* End PBXBuildFile section */

/* Begin PBXContainerItemProxy section */
		656478442482126000FB843E /* PBXContainerItemProxy */ = {
			isa = PBXContainerItemProxy;
			containerPortal = 656478252482125D00FB843E /* Project object */;
			proxyType = 1;
			remoteGlobalIDString = 6564782C2482125D00FB843E;
			remoteInfo = SwiftProjects;
		};
/* End PBXContainerItemProxy section */

/* Begin PBXFileReference section */
		2C88491DB8DD835078C4CC9E /* Pods-SwiftProjects.debug.xcconfig */ = {isa = PBXFileReference; includeInIndex = 1; lastKnownFileType = text.xcconfig; name = "Pods-SwiftProjects.debug.xcconfig"; path = "Target Support Files/Pods-SwiftProjects/Pods-SwiftProjects.debug.xcconfig"; sourceTree = "<group>"; };
		6564782D2482125D00FB843E /* SwiftProjects.app */ = {isa = PBXFileReference; explicitFileType = wrapper.application; includeInIndex = 0; path = SwiftProjects.app; sourceTree = BUILT_PRODUCTS_DIR; };
		656478302482125D00FB843E /* AppDelegate.swift */ = {isa = PBXFileReference; lastKnownFileType = sourcecode.swift; path = AppDelegate.swift; sourceTree = "<group>"; };
		656478322482125D00FB843E /* SceneDelegate.swift */ = {isa = PBXFileReference; lastKnownFileType = sourcecode.swift; path = SceneDelegate.swift; sourceTree = "<group>"; };
		656478342482125D00FB843E /* ViewController.swift */ = {isa = PBXFileReference; lastKnownFileType = sourcecode.swift; path = ViewController.swift; sourceTree = "<group>"; };
		656478372482125D00FB843E /* Base */ = {isa = PBXFileReference; lastKnownFileType = file.storyboard; name = Base; path = Base.lproj/Main.storyboard; sourceTree = "<group>"; };
		656478392482126000FB843E /* Assets.xcassets */ = {isa = PBXFileReference; lastKnownFileType = folder.assetcatalog; path = Assets.xcassets; sourceTree = "<group>"; };
		6564783C2482126000FB843E /* Base */ = {isa = PBXFileReference; lastKnownFileType = file.storyboard; name = Base; path = Base.lproj/LaunchScreen.storyboard; sourceTree = "<group>"; };
		6564783E2482126000FB843E /* Info.plist */ = {isa = PBXFileReference; lastKnownFileType = text.plist.xml; path = Info.plist; sourceTree = "<group>"; };
		656478432482126000FB843E /* SwiftProjectsTests.xctest */ = {isa = PBXFileReference; explicitFileType = wrapper.cfbundle; includeInIndex = 0; path = SwiftProjectsTests.xctest; sourceTree = BUILT_PRODUCTS_DIR; };
		656478472482126000FB843E /* SwiftProjectsTests.swift */ = {isa = PBXFileReference; lastKnownFileType = sourcecode.swift; path = SwiftProjectsTests.swift; sourceTree = "<group>"; };
		656478492482126000FB843E /* Info.plist */ = {isa = PBXFileReference; lastKnownFileType = text.plist.xml; path = Info.plist; sourceTree = "<group>"; };
		6EAC8D2F90999CA98BB70C5C /* Pods_SwiftProjects.framework */ = {isa = PBXFileReference; explicitFileType = wrapper.framework; includeInIndex = 0; path = Pods_SwiftProjects.framework; sourceTree = BUILT_PRODUCTS_DIR; };
		7BA020D48DDC5C25CDBCEAB0 /* Pods-SwiftProjectsTests.debug.xcconfig */ = {isa = PBXFileReference; includeInIndex = 1; lastKnownFileType = text.xcconfig; name = "Pods-SwiftProjectsTests.debug.xcconfig"; path = "Target Support Files/Pods-SwiftProjectsTests/Pods-SwiftProjectsTests.debug.xcconfig"; sourceTree = "<group>"; };
		A33BBD17F2FFC33848D7A057 /* Pods-SwiftProjects.release.xcconfig */ = {isa = PBXFileReference; includeInIndex = 1; lastKnownFileType = text.xcconfig; name = "Pods-SwiftProjects.release.xcconfig"; path = "Target Support Files/Pods-SwiftProjects/Pods-SwiftProjects.release.xcconfig"; sourceTree = "<group>"; };
		A4E631632E88AA978C22B543 /* Pods_SwiftProjectsTests.framework */ = {isa = PBXFileReference; explicitFileType = wrapper.framework; includeInIndex = 0; path = Pods_SwiftProjectsTests.framework; sourceTree = BUILT_PRODUCTS_DIR; };
		B65F7D22CE9FEA0126B4A39F /* Pods-SwiftProjectsTests.release.xcconfig */ = {isa = PBXFileReference; includeInIndex = 1; lastKnownFileType = text.xcconfig; name = "Pods-SwiftProjectsTests.release.xcconfig"; path = "Target Support Files/Pods-SwiftProjectsTests/Pods-SwiftProjectsTests.release.xcconfig"; sourceTree = "<group>"; };
/* End PBXFileReference section */

/* Begin PBXFrameworksBuildPhase section */
		6564782A2482125D00FB843E /* Frameworks */ = {
			isa = PBXFrameworksBuildPhase;
			buildActionMask = 2147483647;
			files = (
				8AF0D61459A31DB97BC756D7 /* Pods_SwiftProjects.framework in Frameworks */,
			);
			runOnlyForDeploymentPostprocessing = 0;
		};
		656478402482126000FB843E /* Frameworks */ = {
			isa = PBXFrameworksBuildPhase;
			buildActionMask = 2147483647;
			files = (
				BC1CAA489260AA1B954E13DF /* Pods_SwiftProjectsTests.framework in Frameworks */,
			);
			runOnlyForDeploymentPostprocessing = 0;
		};
/* End PBXFrameworksBuildPhase section */

/* Begin PBXGroup section */
		4575C40397BA8D4D58FF452B /* Pods */ = {
			isa = PBXGroup;
			children = (
				2C88491DB8DD835078C4CC9E /* Pods-SwiftProjects.debug.xcconfig */,
				A33BBD17F2FFC33848D7A057 /* Pods-SwiftProjects.release.xcconfig */,
				7BA020D48DDC5C25CDBCEAB0 /* Pods-SwiftProjectsTests.debug.xcconfig */,
				B65F7D22CE9FEA0126B4A39F /* Pods-SwiftProjectsTests.release.xcconfig */,
			);
			path = Pods;
			sourceTree = "<group>";
		};
		656478242482125D00FB843E = {
			isa = PBXGroup;
			children = (
				6564782F2482125D00FB843E /* SwiftProjects */,
				656478462482126000FB843E /* SwiftProjectsTests */,
				6564782E2482125D00FB843E /* Products */,
				4575C40397BA8D4D58FF452B /* Pods */,
				9C5C24C30E69495C68AD1290 /* Frameworks */,
			);
			sourceTree = "<group>";
		};
		6564782E2482125D00FB843E /* Products */ = {
			isa = PBXGroup;
			children = (
				6564782D2482125D00FB843E /* SwiftProjects.app */,
				656478432482126000FB843E /* SwiftProjectsTests.xctest */,
			);
			name = Products;
			sourceTree = "<group>";
		};
		6564782F2482125D00FB843E /* SwiftProjects */ = {
			isa = PBXGroup;
			children = (
				656478302482125D00FB843E /* AppDelegate.swift */,
				656478322482125D00FB843E /* SceneDelegate.swift */,
				656478342482125D00FB843E /* ViewController.swift */,
				656478362482125D00FB843E /* Main.storyboard */,
				656478392482126000FB843E /* Assets.xcassets */,
				6564783B2482126000FB843E /* LaunchScreen.storyboard */,
				6564783E2482126000FB843E /* Info.plist */,
			);
			path = SwiftProjects;
			sourceTree = "<group>";
		};
		656478462482126000FB843E /* SwiftProjectsTests */ = {
			isa = PBXGroup;
			children = (
				656478472482126000FB843E /* SwiftProjectsTests.swift */,
				656478492482126000FB843E /* Info.plist */,
			);
			path = SwiftProjectsTests;
			sourceTree = "<group>";
		};
		9C5C24C30E69495C68AD1290 /* Frameworks */ = {
			isa = PBXGroup;
			children = (
				6EAC8D2F90999CA98BB70C5C /* Pods_SwiftProjects.framework */,
				A4E631632E88AA978C22B543 /* Pods_SwiftProjectsTests.framework */,
			);
			name = Frameworks;
			sourceTree = "<group>";
		};
/* End PBXGroup section */

/* Begin PBXNativeTarget section */
		6564782C2482125D00FB843E /* SwiftProjects */ = {
			isa = PBXNativeTarget;
			buildConfigurationList = 6564784C2482126000FB843E /* Build configuration list for PBXNativeTarget "SwiftProjects" */;
			buildPhases = (
				92E498B8CF3978AE9474391D /* [CP] Check Pods Manifest.lock */,
				656478292482125D00FB843E /* Sources */,
				6564782A2482125D00FB843E /* Frameworks */,
				6564782B2482125D00FB843E /* Resources */,
				8635FF7373771B83FB09DF69 /* [CP] Embed Pods Frameworks */,
			);
			buildRules = (
			);
			dependencies = (
			);
			name = SwiftProjects;
			productName = SwiftProjects;
			productReference = 6564782D2482125D00FB843E /* SwiftProjects.app */;
			productType = "com.apple.product-type.application";
		};
		656478422482126000FB843E /* SwiftProjectsTests */ = {
			isa = PBXNativeTarget;
			buildConfigurationList = 6564784F2482126000FB843E /* Build configuration list for PBXNativeTarget "SwiftProjectsTests" */;
			buildPhases = (
				D14472E0DDBAD653973A19CE /* [CP] Check Pods Manifest.lock */,
				6564783F2482126000FB843E /* Sources */,
				656478402482126000FB843E /* Frameworks */,
				656478412482126000FB843E /* Resources */,
				0AA7484AB5041AA6305B4F20 /* [CP] Embed Pods Frameworks */,
			);
			buildRules = (
			);
			dependencies = (
				656478452482126000FB843E /* PBXTargetDependency */,
			);
			name = SwiftProjectsTests;
			productName = SwiftProjectsTests;
			productReference = 656478432482126000FB843E /* SwiftProjectsTests.xctest */;
			productType = "com.apple.product-type.bundle.unit-test";
		};
/* End PBXNativeTarget section */

/* Begin PBXProject section */
		656478252482125D00FB843E /* Project object */ = {
			isa = PBXProject;
			attributes = {
				LastSwiftUpdateCheck = 1140;
				LastUpgradeCheck = 1140;
				ORGANIZATIONNAME = "Andre Vinicius Torres Conrado";
				TargetAttributes = {
					6564782C2482125D00FB843E = {
						CreatedOnToolsVersion = 11.4;
					};
					656478422482126000FB843E = {
						CreatedOnToolsVersion = 11.4;
						TestTargetID = 6564782C2482125D00FB843E;
					};
				};
			};
			buildConfigurationList = 656478282482125D00FB843E /* Build configuration list for PBXProject "SwiftProjects" */;
			compatibilityVersion = "Xcode 9.3";
			developmentRegion = en;
			hasScannedForEncodings = 0;
			knownRegions = (
				en,
				Base,
			);
			mainGroup = 656478242482125D00FB843E;
			productRefGroup = 6564782E2482125D00FB843E /* Products */;
			projectDirPath = "";
			projectRoot = "";
			targets = (
				6564782C2482125D00FB843E /* SwiftProjects */,
				656478422482126000FB843E /* SwiftProjectsTests */,
			);
		};
/* End PBXProject section */

/* Begin PBXResourcesBuildPhase section */
		6564782B2482125D00FB843E /* Resources */ = {
			isa = PBXResourcesBuildPhase;
			buildActionMask = 2147483647;
			files = (
				6564783D2482126000FB843E /* LaunchScreen.storyboard in Resources */,
				6564783A2482126000FB843E /* Assets.xcassets in Resources */,
				656478382482125D00FB843E /* Main.storyboard in Resources */,
			);
			runOnlyForDeploymentPostprocessing = 0;
		};
		656478412482126000FB843E /* Resources */ = {
			isa = PBXResourcesBuildPhase;
			buildActionMask = 2147483647;
			files = (
			);
			runOnlyForDeploymentPostprocessing = 0;
		};
/* End PBXResourcesBuildPhase section */

/* Begin PBXShellScriptBuildPhase section */
		0AA7484AB5041AA6305B4F20 /* [CP] Embed Pods Frameworks */ = {
			isa = PBXShellScriptBuildPhase;
			buildActionMask = 2147483647;
			files = (
			);
			inputFileListPaths = (
				"${PODS_ROOT}/Target Support Files/Pods-SwiftProjectsTests/Pods-SwiftProjectsTests-frameworks-${CONFIGURATION}-input-files.xcfilelist",
			);
			name = "[CP] Embed Pods Frameworks";
			outputFileListPaths = (
				"${PODS_ROOT}/Target Support Files/Pods-SwiftProjectsTests/Pods-SwiftProjectsTests-frameworks-${CONFIGURATION}-output-files.xcfilelist",
			);
			runOnlyForDeploymentPostprocessing = 0;
			shellPath = /bin/sh;
			shellScript = "\"${PODS_ROOT}/Target Support Files/Pods-SwiftProjectsTests/Pods-SwiftProjectsTests-frameworks.sh\"\n";
			showEnvVarsInLog = 0;
		};
		8635FF7373771B83FB09DF69 /* [CP] Embed Pods Frameworks */ = {
			isa = PBXShellScriptBuildPhase;
			buildActionMask = 2147483647;
			files = (
			);
			inputFileListPaths = (
				"${PODS_ROOT}/Target Support Files/Pods-SwiftProjects/Pods-SwiftProjects-frameworks-${CONFIGURATION}-input-files.xcfilelist",
			);
			name = "[CP] Embed Pods Frameworks";
			outputFileListPaths = (
				"${PODS_ROOT}/Target Support Files/Pods-SwiftProjects/Pods-SwiftProjects-frameworks-${CONFIGURATION}-output-files.xcfilelist",
			);
			runOnlyForDeploymentPostprocessing = 0;
			shellPath = /bin/sh;
			shellScript = "\"${PODS_ROOT}/Target Support Files/Pods-SwiftProjects/Pods-SwiftProjects-frameworks.sh\"\n";
			showEnvVarsInLog = 0;
		};
		92E498B8CF3978AE9474391D /* [CP] Check Pods Manifest.lock */ = {
			isa = PBXShellScriptBuildPhase;
			buildActionMask = 2147483647;
			files = (
			);
			inputFileListPaths = (
			);
			inputPaths = (
				"${PODS_PODFILE_DIR_PATH}/Podfile.lock",
				"${PODS_ROOT}/Manifest.lock",
			);
			name = "[CP] Check Pods Manifest.lock";
			outputFileListPaths = (
			);
			outputPaths = (
				"$(DERIVED_FILE_DIR)/Pods-SwiftProjects-checkManifestLockResult.txt",
			);
			runOnlyForDeploymentPostprocessing = 0;
			shellPath = /bin/sh;
			shellScript = "diff \"${PODS_PODFILE_DIR_PATH}/Podfile.lock\" \"${PODS_ROOT}/Manifest.lock\" > /dev/null\nif [ $? != 0 ] ; then\n    # print error to STDERR\n    echo \"error: The sandbox is not in sync with the Podfile.lock. Run 'pod install' or update your CocoaPods installation.\" >&2\n    exit 1\nfi\n# This output is used by Xcode 'outputs' to avoid re-running this script phase.\necho \"SUCCESS\" > \"${SCRIPT_OUTPUT_FILE_0}\"\n";
			showEnvVarsInLog = 0;
		};
		D14472E0DDBAD653973A19CE /* [CP] Check Pods Manifest.lock */ = {
			isa = PBXShellScriptBuildPhase;
			buildActionMask = 2147483647;
			files = (
			);
			inputFileListPaths = (
			);
			inputPaths = (
				"${PODS_PODFILE_DIR_PATH}/Podfile.lock",
				"${PODS_ROOT}/Manifest.lock",
			);
			name = "[CP] Check Pods Manifest.lock";
			outputFileListPaths = (
			);
			outputPaths = (
				"$(DERIVED_FILE_DIR)/Pods-SwiftProjectsTests-checkManifestLockResult.txt",
			);
			runOnlyForDeploymentPostprocessing = 0;
			shellPath = /bin/sh;
			shellScript = "diff \"${PODS_PODFILE_DIR_PATH}/Podfile.lock\" \"${PODS_ROOT}/Manifest.lock\" > /dev/null\nif [ $? != 0 ] ; then\n    # print error to STDERR\n    echo \"error: The sandbox is not in sync with the Podfile.lock. Run 'pod install' or update your CocoaPods installation.\" >&2\n    exit 1\nfi\n# This output is used by Xcode 'outputs' to avoid re-running this script phase.\necho \"SUCCESS\" > \"${SCRIPT_OUTPUT_FILE_0}\"\n";
			showEnvVarsInLog = 0;
		};
/* End PBXShellScriptBuildPhase section */

/* Begin PBXSourcesBuildPhase section */
		656478292482125D00FB843E /* Sources */ = {
			isa = PBXSourcesBuildPhase;
			buildActionMask = 2147483647;
			files = (
				656478352482125D00FB843E /* ViewController.swift in Sources */,
				656478312482125D00FB843E /* AppDelegate.swift in Sources */,
				656478332482125D00FB843E /* SceneDelegate.swift in Sources */,
			);
			runOnlyForDeploymentPostprocessing = 0;
		};
		6564783F2482126000FB843E /* Sources */ = {
			isa = PBXSourcesBuildPhase;
			buildActionMask = 2147483647;
			files = (
				656478482482126000FB843E /* SwiftProjectsTests.swift in Sources */,
			);
			runOnlyForDeploymentPostprocessing = 0;
		};
/* End PBXSourcesBuildPhase section */

/* Begin PBXTargetDependency section */
		656478452482126000FB843E /* PBXTargetDependency */ = {
			isa = PBXTargetDependency;
			target = 6564782C2482125D00FB843E /* SwiftProjects */;
			targetProxy = 656478442482126000FB843E /* PBXContainerItemProxy */;
		};
/* End PBXTargetDependency section */

/* Begin PBXVariantGroup section */
		656478362482125D00FB843E /* Main.storyboard */ = {
			isa = PBXVariantGroup;
			children = (
				656478372482125D00FB843E /* Base */,
			);
			name = Main.storyboard;
			sourceTree = "<group>";
		};
		6564783B2482126000FB843E /* LaunchScreen.storyboard */ = {
			isa = PBXVariantGroup;
			children = (
				6564783C2482126000FB843E /* Base */,
			);
			name = LaunchScreen.storyboard;
			sourceTree = "<group>";
		};
/* End PBXVariantGroup section */

/* Begin XCBuildConfiguration section */
		6564784A2482126000FB843E /* Debug */ = {
			isa = XCBuildConfiguration;
			buildSettings = {
				ALWAYS_SEARCH_USER_PATHS = NO;
				CLANG_ANALYZER_NONNULL = YES;
				CLANG_ANALYZER_NUMBER_OBJECT_CONVERSION = YES_AGGRESSIVE;
				CLANG_CXX_LANGUAGE_STANDARD = "gnu++14";
				CLANG_CXX_LIBRARY = "libc++";
				CLANG_ENABLE_MODULES = YES;
				CLANG_ENABLE_OBJC_ARC = YES;
				CLANG_ENABLE_OBJC_WEAK = YES;
				CLANG_WARN_BLOCK_CAPTURE_AUTORELEASING = YES;
				CLANG_WARN_BOOL_CONVERSION = YES;
				CLANG_WARN_COMMA = YES;
				CLANG_WARN_CONSTANT_CONVERSION = YES;
				CLANG_WARN_DEPRECATED_OBJC_IMPLEMENTATIONS = YES;
				CLANG_WARN_DIRECT_OBJC_ISA_USAGE = YES_ERROR;
				CLANG_WARN_DOCUMENTATION_COMMENTS = YES;
				CLANG_WARN_EMPTY_BODY = YES;
				CLANG_WARN_ENUM_CONVERSION = YES;
				CLANG_WARN_INFINITE_RECURSION = YES;
				CLANG_WARN_INT_CONVERSION = YES;
				CLANG_WARN_NON_LITERAL_NULL_CONVERSION = YES;
				CLANG_WARN_OBJC_IMPLICIT_RETAIN_SELF = YES;
				CLANG_WARN_OBJC_LITERAL_CONVERSION = YES;
				CLANG_WARN_OBJC_ROOT_CLASS = YES_ERROR;
				CLANG_WARN_RANGE_LOOP_ANALYSIS = YES;
				CLANG_WARN_STRICT_PROTOTYPES = YES;
				CLANG_WARN_SUSPICIOUS_MOVE = YES;
				CLANG_WARN_UNGUARDED_AVAILABILITY = YES_AGGRESSIVE;
				CLANG_WARN_UNREACHABLE_CODE = YES;
				CLANG_WARN__DUPLICATE_METHOD_MATCH = YES;
				COPY_PHASE_STRIP = NO;
				DEBUG_INFORMATION_FORMAT = dwarf;
				ENABLE_STRICT_OBJC_MSGSEND = YES;
				ENABLE_TESTABILITY = YES;
				GCC_C_LANGUAGE_STANDARD = gnu11;
				GCC_DYNAMIC_NO_PIC = NO;
				GCC_NO_COMMON_BLOCKS = YES;
				GCC_OPTIMIZATION_LEVEL = 0;
				GCC_PREPROCESSOR_DEFINITIONS = (
					"DEBUG=1",
					"$(inherited)",
				);
				GCC_WARN_64_TO_32_BIT_CONVERSION = YES;
				GCC_WARN_ABOUT_RETURN_TYPE = YES_ERROR;
				GCC_WARN_UNDECLARED_SELECTOR = YES;
				GCC_WARN_UNINITIALIZED_AUTOS = YES_AGGRESSIVE;
				GCC_WARN_UNUSED_FUNCTION = YES;
				GCC_WARN_UNUSED_VARIABLE = YES;
				IPHONEOS_DEPLOYMENT_TARGET = 13.4;
				MTL_ENABLE_DEBUG_INFO = INCLUDE_SOURCE;
				MTL_FAST_MATH = YES;
				ONLY_ACTIVE_ARCH = YES;
				SDKROOT = iphoneos;
				SWIFT_ACTIVE_COMPILATION_CONDITIONS = DEBUG;
				SWIFT_OPTIMIZATION_LEVEL = "-Onone";
			};
			name = Debug;
		};
		6564784B2482126000FB843E /* Release */ = {
			isa = XCBuildConfiguration;
			buildSettings = {
				ALWAYS_SEARCH_USER_PATHS = NO;
				CLANG_ANALYZER_NONNULL = YES;
				CLANG_ANALYZER_NUMBER_OBJECT_CONVERSION = YES_AGGRESSIVE;
				CLANG_CXX_LANGUAGE_STANDARD = "gnu++14";
				CLANG_CXX_LIBRARY = "libc++";
				CLANG_ENABLE_MODULES = YES;
				CLANG_ENABLE_OBJC_ARC = YES;
				CLANG_ENABLE_OBJC_WEAK = YES;
				CLANG_WARN_BLOCK_CAPTURE_AUTORELEASING = YES;
				CLANG_WARN_BOOL_CONVERSION = YES;
				CLANG_WARN_COMMA = YES;
				CLANG_WARN_CONSTANT_CONVERSION = YES;
				CLANG_WARN_DEPRECATED_OBJC_IMPLEMENTATIONS = YES;
				CLANG_WARN_DIRECT_OBJC_ISA_USAGE = YES_ERROR;
				CLANG_WARN_DOCUMENTATION_COMMENTS = YES;
				CLANG_WARN_EMPTY_BODY = YES;
				CLANG_WARN_ENUM_CONVERSION = YES;
				CLANG_WARN_INFINITE_RECURSION = YES;
				CLANG_WARN_INT_CONVERSION = YES;
				CLANG_WARN_NON_LITERAL_NULL_CONVERSION = YES;
				CLANG_WARN_OBJC_IMPLICIT_RETAIN_SELF = YES;
				CLANG_WARN_OBJC_LITERAL_CONVERSION = YES;
				CLANG_WARN_OBJC_ROOT_CLASS = YES_ERROR;
				CLANG_WARN_RANGE_LOOP_ANALYSIS = YES;
				CLANG_WARN_STRICT_PROTOTYPES = YES;
				CLANG_WARN_SUSPICIOUS_MOVE = YES;
				CLANG_WARN_UNGUARDED_AVAILABILITY = YES_AGGRESSIVE;
				CLANG_WARN_UNREACHABLE_CODE = YES;
				CLANG_WARN__DUPLICATE_METHOD_MATCH = YES;
				COPY_PHASE_STRIP = NO;
				DEBUG_INFORMATION_FORMAT = "dwarf-with-dsym";
				ENABLE_NS_ASSERTIONS = NO;
				ENABLE_STRICT_OBJC_MSGSEND = YES;
				GCC_C_LANGUAGE_STANDARD = gnu11;
				GCC_NO_COMMON_BLOCKS = YES;
				GCC_WARN_64_TO_32_BIT_CONVERSION = YES;
				GCC_WARN_ABOUT_RETURN_TYPE = YES_ERROR;
				GCC_WARN_UNDECLARED_SELECTOR = YES;
				GCC_WARN_UNINITIALIZED_AUTOS = YES_AGGRESSIVE;
				GCC_WARN_UNUSED_FUNCTION = YES;
				GCC_WARN_UNUSED_VARIABLE = YES;
				IPHONEOS_DEPLOYMENT_TARGET = 13.4;
				MTL_ENABLE_DEBUG_INFO = NO;
				MTL_FAST_MATH = YES;
				SDKROOT = iphoneos;
				SWIFT_COMPILATION_MODE = wholemodule;
				SWIFT_OPTIMIZATION_LEVEL = "-O";
				VALIDATE_PRODUCT = YES;
			};
			name = Release;
		};
		6564784D2482126000FB843E /* Debug */ = {
			isa = XCBuildConfiguration;
			baseConfigurationReference = 2C88491DB8DD835078C4CC9E /* Pods-SwiftProjects.debug.xcconfig */;
			buildSettings = {
				ASSETCATALOG_COMPILER_APPICON_NAME = AppIcon;
				CODE_SIGN_STYLE = Automatic;
				DEVELOPMENT_TEAM = 4W4CDBHWB5;
				INFOPLIST_FILE = SwiftProjects/Info.plist;
				IPHONEOS_DEPLOYMENT_TARGET = 11.0;
				LD_RUNPATH_SEARCH_PATHS = (
					"$(inherited)",
					"@executable_path/Frameworks",
				);
				PRODUCT_BUNDLE_IDENTIFIER = torres.vini.SwiftProjects;
				PRODUCT_NAME = "$(TARGET_NAME)";
				SWIFT_VERSION = 5.0;
				TARGETED_DEVICE_FAMILY = 1;
			};
			name = Debug;
		};
		6564784E2482126000FB843E /* Release */ = {
			isa = XCBuildConfiguration;
			baseConfigurationReference = A33BBD17F2FFC33848D7A057 /* Pods-SwiftProjects.release.xcconfig */;
			buildSettings = {
				ASSETCATALOG_COMPILER_APPICON_NAME = AppIcon;
				CODE_SIGN_STYLE = Automatic;
				DEVELOPMENT_TEAM = 4W4CDBHWB5;
				INFOPLIST_FILE = SwiftProjects/Info.plist;
				IPHONEOS_DEPLOYMENT_TARGET = 11.0;
				LD_RUNPATH_SEARCH_PATHS = (
					"$(inherited)",
					"@executable_path/Frameworks",
				);
				PRODUCT_BUNDLE_IDENTIFIER = torres.vini.SwiftProjects;
				PRODUCT_NAME = "$(TARGET_NAME)";
				SWIFT_VERSION = 5.0;
				TARGETED_DEVICE_FAMILY = 1;
			};
			name = Release;
		};
		656478502482126000FB843E /* Debug */ = {
			isa = XCBuildConfiguration;
			baseConfigurationReference = 7BA020D48DDC5C25CDBCEAB0 /* Pods-SwiftProjectsTests.debug.xcconfig */;
			buildSettings = {
				ALWAYS_EMBED_SWIFT_STANDARD_LIBRARIES = YES;
				BUNDLE_LOADER = "$(TEST_HOST)";
				CODE_SIGN_STYLE = Automatic;
				DEVELOPMENT_TEAM = 4W4CDBHWB5;
				INFOPLIST_FILE = SwiftProjectsTests/Info.plist;
				IPHONEOS_DEPLOYMENT_TARGET = 13.4;
				LD_RUNPATH_SEARCH_PATHS = (
					"$(inherited)",
					"@executable_path/Frameworks",
					"@loader_path/Frameworks",
				);
				PRODUCT_BUNDLE_IDENTIFIER = torres.vini.SwiftProjectsTests;
				PRODUCT_NAME = "$(TARGET_NAME)";
				SWIFT_VERSION = 5.0;
				TARGETED_DEVICE_FAMILY = "1,2";
				TEST_HOST = "$(BUILT_PRODUCTS_DIR)/SwiftProjects.app/SwiftProjects";
			};
			name = Debug;
		};
		656478512482126000FB843E /* Release */ = {
			isa = XCBuildConfiguration;
			baseConfigurationReference = B65F7D22CE9FEA0126B4A39F /* Pods-SwiftProjectsTests.release.xcconfig */;
			buildSettings = {
				ALWAYS_EMBED_SWIFT_STANDARD_LIBRARIES = YES;
				BUNDLE_LOADER = "$(TEST_HOST)";
				CODE_SIGN_STYLE = Automatic;
				DEVELOPMENT_TEAM = 4W4CDBHWB5;
				INFOPLIST_FILE = SwiftProjectsTests/Info.plist;
				IPHONEOS_DEPLOYMENT_TARGET = 13.4;
				LD_RUNPATH_SEARCH_PATHS = (
					"$(inherited)",
					"@executable_path/Frameworks",
					"@loader_path/Frameworks",
				);
				PRODUCT_BUNDLE_IDENTIFIER = torres.vini.SwiftProjectsTests;
				PRODUCT_NAME = "$(TARGET_NAME)";
				SWIFT_VERSION = 5.0;
				TARGETED_DEVICE_FAMILY = "1,2";
				TEST_HOST = "$(BUILT_PRODUCTS_DIR)/SwiftProjects.app/SwiftProjects";
			};
			name = Release;
		};
/* End XCBuildConfiguration section */

/* Begin XCConfigurationList section */
		656478282482125D00FB843E /* Build configuration list for PBXProject "SwiftProjects" */ = {
			isa = XCConfigurationList;
			buildConfigurations = (
				6564784A2482126000FB843E /* Debug */,
				6564784B2482126000FB843E /* Release */,
			);
			defaultConfigurationIsVisible = 0;
			defaultConfigurationName = Release;
		};
		6564784C2482126000FB843E /* Build configuration list for PBXNativeTarget "SwiftProjects" */ = {
			isa = XCConfigurationList;
			buildConfigurations = (
				6564784D2482126000FB843E /* Debug */,
				6564784E2482126000FB843E /* Release */,
			);
			defaultConfigurationIsVisible = 0;
			defaultConfigurationName = Release;
		};
		6564784F2482126000FB843E /* Build configuration list for PBXNativeTarget "SwiftProjectsTests" */ = {
			isa = XCConfigurationList;
			buildConfigurations = (
				656478502482126000FB843E /* Debug */,
				656478512482126000FB843E /* Release */,
			);
			defaultConfigurationIsVisible = 0;
			defaultConfigurationName = Release;
		};
/* End XCConfigurationList section */
	};
	rootObject = 656478252482125D00FB843E /* Project object */;
}
